// !$*UTF8*$!
{
	archiveVersion = 1;
	classes = {
	};
	objectVersion = 46;
	objects = {

/* Begin PBXBuildFile section */
		450765261B4E92B8005E87C9 /* Bool+Extensions.swift in Sources */ = {isa = PBXBuildFile; fileRef = 450765251B4E92B8005E87C9 /* Bool+Extensions.swift */; };
		450A4B311CBDB09400EB7B34 /* AudioStream.swift in Sources */ = {isa = PBXBuildFile; fileRef = 450A4B301CBDB09400EB7B34 /* AudioStream.swift */; };
		450A4B331CBDB14E00EB7B34 /* Utils.swift in Sources */ = {isa = PBXBuildFile; fileRef = 450A4B321CBDB14E00EB7B34 /* Utils.swift */; };
		4522DC0B233632140084CA02 /* AMCoreAudio.framework in Frameworks */ = {isa = PBXBuildFile; fileRef = 454D245A1B4BE40E0043FA12 /* AMCoreAudio.framework */; };
		4522DC162336325B0084CA02 /* XCTestManifests.swift in Sources */ = {isa = PBXBuildFile; fileRef = 4522DC132336325B0084CA02 /* XCTestManifests.swift */; };
		4522DC172336325B0084CA02 /* AudioDeviceTests.swift in Sources */ = {isa = PBXBuildFile; fileRef = 4522DC142336325B0084CA02 /* AudioDeviceTests.swift */; };
		4522DC3E23364DE30084CA02 /* BundleInfoTests.swift in Sources */ = {isa = PBXBuildFile; fileRef = 4522DC3D23364DE30084CA02 /* BundleInfoTests.swift */; };
		4522DC4023364EFB0084CA02 /* AudioStreamTests.swift in Sources */ = {isa = PBXBuildFile; fileRef = 4522DC3F23364EFB0084CA02 /* AudioStreamTests.swift */; };
		4544F5A81CC41A42006DCD67 /* NotificationCenter.swift in Sources */ = {isa = PBXBuildFile; fileRef = 4544F5A71CC41A42006DCD67 /* NotificationCenter.swift */; };
		454D24751B4BE4860043FA12 /* AudioDevice.swift in Sources */ = {isa = PBXBuildFile; fileRef = 454D24741B4BE4860043FA12 /* AudioDevice.swift */; };
		459AD4B923354AB400C2ED06 /* AudioDeviceEvent.swift in Sources */ = {isa = PBXBuildFile; fileRef = 459AD4B823354AB400C2ED06 /* AudioDeviceEvent.swift */; };
		459AD4BB23354B5C00C2ED06 /* AudioHardwareEvent.swift in Sources */ = {isa = PBXBuildFile; fileRef = 459AD4BA23354B5C00C2ED06 /* AudioHardwareEvent.swift */; };
		459AD4BD23354B9E00C2ED06 /* AudioStreamEvent.swift in Sources */ = {isa = PBXBuildFile; fileRef = 459AD4BC23354B9E00C2ED06 /* AudioStreamEvent.swift */; };
		459AD4BF23354C4900C2ED06 /* AudioObjectPool.swift in Sources */ = {isa = PBXBuildFile; fileRef = 459AD4BE23354C4900C2ED06 /* AudioObjectPool.swift */; };
		459AD4C223354CA300C2ED06 /* AudioObject+Helpers.swift in Sources */ = {isa = PBXBuildFile; fileRef = 459AD4C123354CA300C2ED06 /* AudioObject+Helpers.swift */; };
		459AD4C523354D9C00C2ED06 /* Event.swift in Sources */ = {isa = PBXBuildFile; fileRef = 459AD4C423354D9C00C2ED06 /* Event.swift */; };
		459AD4C723354DAF00C2ED06 /* EventSubscriber.swift in Sources */ = {isa = PBXBuildFile; fileRef = 459AD4C623354DAF00C2ED06 /* EventSubscriber.swift */; };
		45A0A6152335634900F495FA /* AMCoreAudio.h in Headers */ = {isa = PBXBuildFile; fileRef = 45A0A6142335634800F495FA /* AMCoreAudio.h */; settings = {ATTRIBUTES = (Public, ); }; };
		45A0A6172335645D00F495FA /* Direction.swift in Sources */ = {isa = PBXBuildFile; fileRef = 45A0A6162335645D00F495FA /* Direction.swift */; };
		45A0A6192335646E00F495FA /* TransportType.swift in Sources */ = {isa = PBXBuildFile; fileRef = 45A0A6182335646E00F495FA /* TransportType.swift */; };
		45A0A61B2335647B00F495FA /* TerminalType.swift in Sources */ = {isa = PBXBuildFile; fileRef = 45A0A61A2335647B00F495FA /* TerminalType.swift */; };
		45A0A61E233564A100F495FA /* VolumeInfo.swift in Sources */ = {isa = PBXBuildFile; fileRef = 45A0A61D233564A100F495FA /* VolumeInfo.swift */; };
		45A7405A1B4EE37400C19842 /* AudioHardware.swift in Sources */ = {isa = PBXBuildFile; fileRef = 45A740591B4EE37400C19842 /* AudioHardware.swift */; };
		45B919DC1CD3E3E100552C67 /* BundleInfo.swift in Sources */ = {isa = PBXBuildFile; fileRef = 45B919DB1CD3E3E100552C67 /* BundleInfo.swift */; };
		45BF8FB81CBDB29800B15908 /* AudioObject.swift in Sources */ = {isa = PBXBuildFile; fileRef = 45BF8FB71CBDB29800B15908 /* AudioObject.swift */; };
/* End PBXBuildFile section */

/* Begin PBXContainerItemProxy section */
		4522DC0C233632140084CA02 /* PBXContainerItemProxy */ = {
			isa = PBXContainerItemProxy;
			containerPortal = 454D24511B4BE40D0043FA12 /* Project object */;
			proxyType = 1;
			remoteGlobalIDString = 454D24591B4BE40E0043FA12;
			remoteInfo = AMCoreAudio;
		};
/* End PBXContainerItemProxy section */

/* Begin PBXFileReference section */
		450765251B4E92B8005E87C9 /* Bool+Extensions.swift */ = {isa = PBXFileReference; fileEncoding = 4; lastKnownFileType = sourcecode.swift; path = "Bool+Extensions.swift"; sourceTree = "<group>"; };
		450A4B301CBDB09400EB7B34 /* AudioStream.swift */ = {isa = PBXFileReference; fileEncoding = 4; lastKnownFileType = sourcecode.swift; path = AudioStream.swift; sourceTree = "<group>"; };
		450A4B321CBDB14E00EB7B34 /* Utils.swift */ = {isa = PBXFileReference; fileEncoding = 4; lastKnownFileType = sourcecode.swift; path = Utils.swift; sourceTree = "<group>"; };
		4522DC06233632140084CA02 /* AMCoreAudioTests.xctest */ = {isa = PBXFileReference; explicitFileType = wrapper.cfbundle; includeInIndex = 0; path = AMCoreAudioTests.xctest; sourceTree = BUILT_PRODUCTS_DIR; };
		4522DC132336325B0084CA02 /* XCTestManifests.swift */ = {isa = PBXFileReference; fileEncoding = 4; lastKnownFileType = sourcecode.swift; path = XCTestManifests.swift; sourceTree = "<group>"; };
		4522DC142336325B0084CA02 /* AudioDeviceTests.swift */ = {isa = PBXFileReference; fileEncoding = 4; lastKnownFileType = sourcecode.swift; path = AudioDeviceTests.swift; sourceTree = "<group>"; };
		4522DC152336325B0084CA02 /* Info.plist */ = {isa = PBXFileReference; fileEncoding = 4; lastKnownFileType = text.plist.xml; path = Info.plist; sourceTree = "<group>"; };
		4522DC3D23364DE30084CA02 /* BundleInfoTests.swift */ = {isa = PBXFileReference; lastKnownFileType = sourcecode.swift; path = BundleInfoTests.swift; sourceTree = "<group>"; };
		4522DC3F23364EFB0084CA02 /* AudioStreamTests.swift */ = {isa = PBXFileReference; lastKnownFileType = sourcecode.swift; path = AudioStreamTests.swift; sourceTree = "<group>"; };
		4544F5A71CC41A42006DCD67 /* NotificationCenter.swift */ = {isa = PBXFileReference; fileEncoding = 4; lastKnownFileType = sourcecode.swift; path = NotificationCenter.swift; sourceTree = "<group>"; };
		454D245A1B4BE40E0043FA12 /* AMCoreAudio.framework */ = {isa = PBXFileReference; explicitFileType = wrapper.framework; includeInIndex = 0; path = AMCoreAudio.framework; sourceTree = BUILT_PRODUCTS_DIR; };
		454D245F1B4BE40E0043FA12 /* Info.plist */ = {isa = PBXFileReference; lastKnownFileType = text.plist.xml; path = Info.plist; sourceTree = "<group>"; };
		454D24741B4BE4860043FA12 /* AudioDevice.swift */ = {isa = PBXFileReference; fileEncoding = 4; lastKnownFileType = sourcecode.swift; lineEnding = 0; path = AudioDevice.swift; sourceTree = "<group>"; xcLanguageSpecificationIdentifier = xcode.lang.swift; };
		459AD4B823354AB400C2ED06 /* AudioDeviceEvent.swift */ = {isa = PBXFileReference; lastKnownFileType = sourcecode.swift; path = AudioDeviceEvent.swift; sourceTree = "<group>"; };
		459AD4BA23354B5C00C2ED06 /* AudioHardwareEvent.swift */ = {isa = PBXFileReference; lastKnownFileType = sourcecode.swift; path = AudioHardwareEvent.swift; sourceTree = "<group>"; };
		459AD4BC23354B9E00C2ED06 /* AudioStreamEvent.swift */ = {isa = PBXFileReference; lastKnownFileType = sourcecode.swift; path = AudioStreamEvent.swift; sourceTree = "<group>"; };
		459AD4BE23354C4900C2ED06 /* AudioObjectPool.swift */ = {isa = PBXFileReference; lastKnownFileType = sourcecode.swift; path = AudioObjectPool.swift; sourceTree = "<group>"; };
		459AD4C123354CA300C2ED06 /* AudioObject+Helpers.swift */ = {isa = PBXFileReference; lastKnownFileType = sourcecode.swift; path = "AudioObject+Helpers.swift"; sourceTree = "<group>"; };
		459AD4C423354D9C00C2ED06 /* Event.swift */ = {isa = PBXFileReference; lastKnownFileType = sourcecode.swift; path = Event.swift; sourceTree = "<group>"; };
		459AD4C623354DAF00C2ED06 /* EventSubscriber.swift */ = {isa = PBXFileReference; lastKnownFileType = sourcecode.swift; path = EventSubscriber.swift; sourceTree = "<group>"; };
		45A0A60F23355F2E00F495FA /* Package.swift */ = {isa = PBXFileReference; fileEncoding = 4; lastKnownFileType = sourcecode.swift; path = Package.swift; sourceTree = "<group>"; };
		45A0A6142335634800F495FA /* AMCoreAudio.h */ = {isa = PBXFileReference; fileEncoding = 4; lastKnownFileType = sourcecode.c.h; path = AMCoreAudio.h; sourceTree = "<group>"; };
		45A0A6162335645D00F495FA /* Direction.swift */ = {isa = PBXFileReference; lastKnownFileType = sourcecode.swift; path = Direction.swift; sourceTree = "<group>"; };
		45A0A6182335646E00F495FA /* TransportType.swift */ = {isa = PBXFileReference; lastKnownFileType = sourcecode.swift; path = TransportType.swift; sourceTree = "<group>"; };
		45A0A61A2335647B00F495FA /* TerminalType.swift */ = {isa = PBXFileReference; lastKnownFileType = sourcecode.swift; path = TerminalType.swift; sourceTree = "<group>"; };
		45A0A61D233564A100F495FA /* VolumeInfo.swift */ = {isa = PBXFileReference; lastKnownFileType = sourcecode.swift; path = VolumeInfo.swift; sourceTree = "<group>"; };
		45A740591B4EE37400C19842 /* AudioHardware.swift */ = {isa = PBXFileReference; fileEncoding = 4; lastKnownFileType = sourcecode.swift; path = AudioHardware.swift; sourceTree = "<group>"; };
		45B919DB1CD3E3E100552C67 /* BundleInfo.swift */ = {isa = PBXFileReference; fileEncoding = 4; lastKnownFileType = sourcecode.swift; path = BundleInfo.swift; sourceTree = "<group>"; };
		45BF8FB71CBDB29800B15908 /* AudioObject.swift */ = {isa = PBXFileReference; fileEncoding = 4; lastKnownFileType = sourcecode.swift; path = AudioObject.swift; sourceTree = "<group>"; };
		45D3B7CD1DA55FE30044C37B /* AMCoreAudio.podspec */ = {isa = PBXFileReference; fileEncoding = 4; lastKnownFileType = text; path = AMCoreAudio.podspec; sourceTree = "<group>"; };
		45D3B7CE1DA55FE30044C37B /* CHANGELOG.md */ = {isa = PBXFileReference; fileEncoding = 4; lastKnownFileType = net.daringfireball.markdown; path = CHANGELOG.md; sourceTree = "<group>"; };
		45D3B7CF1DA55FE30044C37B /* LICENSE.md */ = {isa = PBXFileReference; fileEncoding = 4; lastKnownFileType = net.daringfireball.markdown; path = LICENSE.md; sourceTree = "<group>"; };
		45D3B7D01DA55FE30044C37B /* README.md */ = {isa = PBXFileReference; fileEncoding = 4; lastKnownFileType = net.daringfireball.markdown; path = README.md; sourceTree = "<group>"; };
		45D6EA161E0AD394005C45EB /* CoreAudio.framework */ = {isa = PBXFileReference; lastKnownFileType = wrapper.framework; name = CoreAudio.framework; path = System/Library/Frameworks/CoreAudio.framework; sourceTree = SDKROOT; };
/* End PBXFileReference section */

/* Begin PBXFrameworksBuildPhase section */
		4522DC03233632140084CA02 /* Frameworks */ = {
			isa = PBXFrameworksBuildPhase;
			buildActionMask = 2147483647;
			files = (
				4522DC0B233632140084CA02 /* AMCoreAudio.framework in Frameworks */,
			);
			runOnlyForDeploymentPostprocessing = 0;
		};
		454D24561B4BE40E0043FA12 /* Frameworks */ = {
			isa = PBXFrameworksBuildPhase;
			buildActionMask = 2147483647;
			files = (
			);
			runOnlyForDeploymentPostprocessing = 0;
		};
/* End PBXFrameworksBuildPhase section */

/* Begin PBXGroup section */
		4522DC112336325B0084CA02 /* Tests */ = {
			isa = PBXGroup;
			children = (
				4522DC122336325B0084CA02 /* AMCoreAudioTests */,
				4522DC152336325B0084CA02 /* Info.plist */,
			);
			path = Tests;
			sourceTree = "<group>";
		};
		4522DC122336325B0084CA02 /* AMCoreAudioTests */ = {
			isa = PBXGroup;
			children = (
				4522DC142336325B0084CA02 /* AudioDeviceTests.swift */,
				4522DC3F23364EFB0084CA02 /* AudioStreamTests.swift */,
				4522DC3D23364DE30084CA02 /* BundleInfoTests.swift */,
				4522DC132336325B0084CA02 /* XCTestManifests.swift */,
			);
			path = AMCoreAudioTests;
			sourceTree = "<group>";
		};
		454D24501B4BE40D0043FA12 = {
			isa = PBXGroup;
			children = (
				45D3B7CE1DA55FE30044C37B /* CHANGELOG.md */,
				45D3B7CF1DA55FE30044C37B /* LICENSE.md */,
				45D3B7D01DA55FE30044C37B /* README.md */,
				45D3B7CD1DA55FE30044C37B /* AMCoreAudio.podspec */,
				45A0A60F23355F2E00F495FA /* Package.swift */,
				45D6EA151E0AD394005C45EB /* Frameworks */,
				454D245B1B4BE40E0043FA12 /* Products */,
				454D245C1B4BE40E0043FA12 /* Source */,
				4522DC112336325B0084CA02 /* Tests */,
			);
			sourceTree = "<group>";
		};
		454D245B1B4BE40E0043FA12 /* Products */ = {
			isa = PBXGroup;
			children = (
				454D245A1B4BE40E0043FA12 /* AMCoreAudio.framework */,
				4522DC06233632140084CA02 /* AMCoreAudioTests.xctest */,
			);
			name = Products;
			sourceTree = "<group>";
		};
		454D245C1B4BE40E0043FA12 /* Source */ = {
			isa = PBXGroup;
			children = (
				459AD4B5233549C200C2ED06 /* Internal */,
				459AD4B3233549BC00C2ED06 /* Public */,
				459AD4B723354A7500C2ED06 /* Supporting Files */,
			);
			path = Source;
			sourceTree = "<group>";
		};
		459AD4B3233549BC00C2ED06 /* Public */ = {
			isa = PBXGroup;
			children = (
				454D24741B4BE4860043FA12 /* AudioDevice.swift */,
				45A740591B4EE37400C19842 /* AudioHardware.swift */,
				45BF8FB71CBDB29800B15908 /* AudioObject.swift */,
				450A4B301CBDB09400EB7B34 /* AudioStream.swift */,
				45B919DB1CD3E3E100552C67 /* BundleInfo.swift */,
				4544F5A71CC41A42006DCD67 /* NotificationCenter.swift */,
				459AD4B6233549F900C2ED06 /* Enums */,
				45A0A61C2335649700F495FA /* Models */,
				459AD4C323354D9300C2ED06 /* Protocols */,
			);
			path = Public;
			sourceTree = "<group>";
		};
		459AD4B5233549C200C2ED06 /* Internal */ = {
			isa = PBXGroup;
			children = (
				459AD4BE23354C4900C2ED06 /* AudioObjectPool.swift */,
				450A4B321CBDB14E00EB7B34 /* Utils.swift */,
				45CEB08123352F34001F02CD /* Extensions */,
			);
			path = Internal;
			sourceTree = "<group>";
		};
		459AD4B6233549F900C2ED06 /* Enums */ = {
			isa = PBXGroup;
			children = (
				459AD4B823354AB400C2ED06 /* AudioDeviceEvent.swift */,
				459AD4BA23354B5C00C2ED06 /* AudioHardwareEvent.swift */,
				459AD4BC23354B9E00C2ED06 /* AudioStreamEvent.swift */,
				45A0A6162335645D00F495FA /* Direction.swift */,
				45A0A61A2335647B00F495FA /* TerminalType.swift */,
				45A0A6182335646E00F495FA /* TransportType.swift */,
			);
			path = Enums;
			sourceTree = "<group>";
		};
		459AD4B723354A7500C2ED06 /* Supporting Files */ = {
			isa = PBXGroup;
			children = (
				45A0A6142335634800F495FA /* AMCoreAudio.h */,
				454D245F1B4BE40E0043FA12 /* Info.plist */,
			);
			name = "Supporting Files";
			sourceTree = "<group>";
		};
		459AD4C323354D9300C2ED06 /* Protocols */ = {
			isa = PBXGroup;
			children = (
				459AD4C423354D9C00C2ED06 /* Event.swift */,
				459AD4C623354DAF00C2ED06 /* EventSubscriber.swift */,
			);
			path = Protocols;
			sourceTree = "<group>";
		};
		45A0A61C2335649700F495FA /* Models */ = {
			isa = PBXGroup;
			children = (
				45A0A61D233564A100F495FA /* VolumeInfo.swift */,
			);
			path = Models;
			sourceTree = "<group>";
		};
		45CEB08123352F34001F02CD /* Extensions */ = {
			isa = PBXGroup;
			children = (
				459AD4C123354CA300C2ED06 /* AudioObject+Helpers.swift */,
				450765251B4E92B8005E87C9 /* Bool+Extensions.swift */,
			);
			path = Extensions;
			sourceTree = "<group>";
		};
		45D6EA151E0AD394005C45EB /* Frameworks */ = {
			isa = PBXGroup;
			children = (
				45D6EA161E0AD394005C45EB /* CoreAudio.framework */,
			);
			name = Frameworks;
			sourceTree = "<group>";
		};
/* End PBXGroup section */

/* Begin PBXHeadersBuildPhase section */
		454D24571B4BE40E0043FA12 /* Headers */ = {
			isa = PBXHeadersBuildPhase;
			buildActionMask = 2147483647;
			files = (
				45A0A6152335634900F495FA /* AMCoreAudio.h in Headers */,
			);
			runOnlyForDeploymentPostprocessing = 0;
		};
/* End PBXHeadersBuildPhase section */

/* Begin PBXNativeTarget section */
		4522DC05233632140084CA02 /* AMCoreAudioTests */ = {
			isa = PBXNativeTarget;
			buildConfigurationList = 4522DC10233632140084CA02 /* Build configuration list for PBXNativeTarget "AMCoreAudioTests" */;
			buildPhases = (
				4522DC02233632140084CA02 /* Sources */,
				4522DC03233632140084CA02 /* Frameworks */,
				4522DC04233632140084CA02 /* Resources */,
			);
			buildRules = (
			);
			dependencies = (
				4522DC0D233632140084CA02 /* PBXTargetDependency */,
			);
			name = AMCoreAudioTests;
			productName = AMCoreAudioTests;
			productReference = 4522DC06233632140084CA02 /* AMCoreAudioTests.xctest */;
			productType = "com.apple.product-type.bundle.unit-test";
		};
		454D24591B4BE40E0043FA12 /* AMCoreAudio */ = {
			isa = PBXNativeTarget;
			buildConfigurationList = 454D246E1B4BE40E0043FA12 /* Build configuration list for PBXNativeTarget "AMCoreAudio" */;
			buildPhases = (
				45CEB08223353071001F02CD /* Run SwiftFormat */,
				454D24551B4BE40E0043FA12 /* Sources */,
				454D24561B4BE40E0043FA12 /* Frameworks */,
				454D24571B4BE40E0043FA12 /* Headers */,
				454D24581B4BE40E0043FA12 /* Resources */,
				45B919DE1CD3EAAE00552C67 /* Update Build Date & Build Number */,
			);
			buildRules = (
			);
			dependencies = (
			);
			name = AMCoreAudio;
			productName = AMCoreAudio;
			productReference = 454D245A1B4BE40E0043FA12 /* AMCoreAudio.framework */;
			productType = "com.apple.product-type.framework";
		};
/* End PBXNativeTarget section */

/* Begin PBXProject section */
		454D24511B4BE40D0043FA12 /* Project object */ = {
			isa = PBXProject;
			attributes = {
				LastSwiftUpdateCheck = 1100;
				LastUpgradeCheck = 1020;
				ORGANIZATIONNAME = 9Labs;
				TargetAttributes = {
					4522DC05233632140084CA02 = {
						CreatedOnToolsVersion = 11.0;
						ProvisioningStyle = Automatic;
					};
					454D24591B4BE40E0043FA12 = {
						CreatedOnToolsVersion = 7.0;
						LastSwiftMigration = 1020;
					};
				};
			};
			buildConfigurationList = 454D24541B4BE40D0043FA12 /* Build configuration list for PBXProject "AMCoreAudio" */;
			compatibilityVersion = "Xcode 3.2";
			developmentRegion = en;
			hasScannedForEncodings = 0;
			knownRegions = (
				en,
				Base,
			);
			mainGroup = 454D24501B4BE40D0043FA12;
			productRefGroup = 454D245B1B4BE40E0043FA12 /* Products */;
			projectDirPath = "";
			projectRoot = "";
			targets = (
				454D24591B4BE40E0043FA12 /* AMCoreAudio */,
				4522DC05233632140084CA02 /* AMCoreAudioTests */,
			);
		};
/* End PBXProject section */

/* Begin PBXResourcesBuildPhase section */
		4522DC04233632140084CA02 /* Resources */ = {
			isa = PBXResourcesBuildPhase;
			buildActionMask = 2147483647;
			files = (
			);
			runOnlyForDeploymentPostprocessing = 0;
		};
		454D24581B4BE40E0043FA12 /* Resources */ = {
			isa = PBXResourcesBuildPhase;
			buildActionMask = 2147483647;
			files = (
			);
			runOnlyForDeploymentPostprocessing = 0;
		};
/* End PBXResourcesBuildPhase section */

/* Begin PBXShellScriptBuildPhase section */
		45B919DE1CD3EAAE00552C67 /* Update Build Date & Build Number */ = {
			isa = PBXShellScriptBuildPhase;
			buildActionMask = 2147483647;
			files = (
			);
			inputPaths = (
			);
			name = "Update Build Date & Build Number";
			outputPaths = (
			);
			runOnlyForDeploymentPostprocessing = 0;
			shellPath = /bin/sh;
			shellScript = "$SRCROOT/bin/update_build_date.sh\n$SRCROOT/bin/autoincrement-buildnumber.sh\n";
		};
		45CEB08223353071001F02CD /* Run SwiftFormat */ = {
			isa = PBXShellScriptBuildPhase;
			buildActionMask = 2147483647;
			files = (
			);
			inputFileListPaths = (
			);
			inputPaths = (
			);
			name = "Run SwiftFormat";
			outputFileListPaths = (
			);
			outputPaths = (
			);
			runOnlyForDeploymentPostprocessing = 0;
			shellPath = /bin/sh;
			shellScript = "$SRCROOT/bin/apply-swiftformat.sh\n";
		};
/* End PBXShellScriptBuildPhase section */

/* Begin PBXSourcesBuildPhase section */
		4522DC02233632140084CA02 /* Sources */ = {
			isa = PBXSourcesBuildPhase;
			buildActionMask = 2147483647;
			files = (
				4522DC172336325B0084CA02 /* AudioDeviceTests.swift in Sources */,
				4522DC162336325B0084CA02 /* XCTestManifests.swift in Sources */,
				4522DC4023364EFB0084CA02 /* AudioStreamTests.swift in Sources */,
				4522DC3E23364DE30084CA02 /* BundleInfoTests.swift in Sources */,
			);
			runOnlyForDeploymentPostprocessing = 0;
		};
		454D24551B4BE40E0043FA12 /* Sources */ = {
			isa = PBXSourcesBuildPhase;
			buildActionMask = 2147483647;
			files = (
				450765261B4E92B8005E87C9 /* Bool+Extensions.swift in Sources */,
				459AD4C223354CA300C2ED06 /* AudioObject+Helpers.swift in Sources */,
				459AD4BD23354B9E00C2ED06 /* AudioStreamEvent.swift in Sources */,
				45A0A61E233564A100F495FA /* VolumeInfo.swift in Sources */,
				45B919DC1CD3E3E100552C67 /* BundleInfo.swift in Sources */,
				459AD4C523354D9C00C2ED06 /* Event.swift in Sources */,
				454D24751B4BE4860043FA12 /* AudioDevice.swift in Sources */,
				45A0A61B2335647B00F495FA /* TerminalType.swift in Sources */,
				459AD4C723354DAF00C2ED06 /* EventSubscriber.swift in Sources */,
				45A0A6172335645D00F495FA /* Direction.swift in Sources */,
				459AD4BF23354C4900C2ED06 /* AudioObjectPool.swift in Sources */,
				45A0A6192335646E00F495FA /* TransportType.swift in Sources */,
				45A7405A1B4EE37400C19842 /* AudioHardware.swift in Sources */,
				450A4B311CBDB09400EB7B34 /* AudioStream.swift in Sources */,
				450A4B331CBDB14E00EB7B34 /* Utils.swift in Sources */,
				459AD4B923354AB400C2ED06 /* AudioDeviceEvent.swift in Sources */,
				459AD4BB23354B5C00C2ED06 /* AudioHardwareEvent.swift in Sources */,
				4544F5A81CC41A42006DCD67 /* NotificationCenter.swift in Sources */,
				45BF8FB81CBDB29800B15908 /* AudioObject.swift in Sources */,
			);
			runOnlyForDeploymentPostprocessing = 0;
		};
/* End PBXSourcesBuildPhase section */

/* Begin PBXTargetDependency section */
		4522DC0D233632140084CA02 /* PBXTargetDependency */ = {
			isa = PBXTargetDependency;
			target = 454D24591B4BE40E0043FA12 /* AMCoreAudio */;
			targetProxy = 4522DC0C233632140084CA02 /* PBXContainerItemProxy */;
		};
/* End PBXTargetDependency section */

/* Begin XCBuildConfiguration section */
		4522DC0E233632140084CA02 /* Debug */ = {
			isa = XCBuildConfiguration;
			buildSettings = {
				CLANG_ANALYZER_NONNULL = YES;
				CLANG_ANALYZER_NUMBER_OBJECT_CONVERSION = YES_AGGRESSIVE;
				CLANG_CXX_LANGUAGE_STANDARD = "gnu++14";
				CLANG_ENABLE_OBJC_WEAK = YES;
				CLANG_WARN_DOCUMENTATION_COMMENTS = YES;
				CLANG_WARN_UNGUARDED_AVAILABILITY = YES_AGGRESSIVE;
				CODE_SIGN_STYLE = Automatic;
				COMBINE_HIDPI_IMAGES = YES;
				GCC_C_LANGUAGE_STANDARD = gnu11;
				INFOPLIST_FILE = Tests/Info.plist;
				LD_RUNPATH_SEARCH_PATHS = "$(inherited) @executable_path/../Frameworks @loader_path/../Frameworks";
				MACOSX_DEPLOYMENT_TARGET = 10.14;
				MTL_ENABLE_DEBUG_INFO = INCLUDE_SOURCE;
				MTL_FAST_MATH = YES;
				PRODUCT_BUNDLE_IDENTIFIER = io.9labs.AMCoreAudioTests;
				PRODUCT_NAME = "$(TARGET_NAME)";
				SWIFT_ACTIVE_COMPILATION_CONDITIONS = DEBUG;
				SWIFT_VERSION = 5.0;
			};
			name = Debug;
		};
		4522DC0F233632140084CA02 /* Release */ = {
			isa = XCBuildConfiguration;
			buildSettings = {
				CLANG_ANALYZER_NONNULL = YES;
				CLANG_ANALYZER_NUMBER_OBJECT_CONVERSION = YES_AGGRESSIVE;
				CLANG_CXX_LANGUAGE_STANDARD = "gnu++14";
				CLANG_ENABLE_OBJC_WEAK = YES;
				CLANG_WARN_DOCUMENTATION_COMMENTS = YES;
				CLANG_WARN_UNGUARDED_AVAILABILITY = YES_AGGRESSIVE;
				CODE_SIGN_STYLE = Automatic;
				COMBINE_HIDPI_IMAGES = YES;
				GCC_C_LANGUAGE_STANDARD = gnu11;
				INFOPLIST_FILE = Tests/Info.plist;
				LD_RUNPATH_SEARCH_PATHS = "$(inherited) @executable_path/../Frameworks @loader_path/../Frameworks";
				MACOSX_DEPLOYMENT_TARGET = 10.14;
				MTL_FAST_MATH = YES;
				PRODUCT_BUNDLE_IDENTIFIER = io.9labs.AMCoreAudioTests;
				PRODUCT_NAME = "$(TARGET_NAME)";
				SWIFT_VERSION = 5.0;
			};
			name = Release;
		};
		454D246C1B4BE40E0043FA12 /* Debug */ = {
			isa = XCBuildConfiguration;
			buildSettings = {
				ALWAYS_SEARCH_USER_PATHS = NO;
				CLANG_ANALYZER_LOCALIZABILITY_NONLOCALIZED = YES;
				CLANG_CXX_LANGUAGE_STANDARD = "gnu++0x";
				CLANG_CXX_LIBRARY = "libc++";
				CLANG_ENABLE_MODULES = YES;
				CLANG_ENABLE_OBJC_ARC = YES;
				CLANG_WARN_BLOCK_CAPTURE_AUTORELEASING = YES;
				CLANG_WARN_BOOL_CONVERSION = YES;
				CLANG_WARN_COMMA = YES;
				CLANG_WARN_CONSTANT_CONVERSION = YES;
				CLANG_WARN_DEPRECATED_OBJC_IMPLEMENTATIONS = YES;
				CLANG_WARN_DIRECT_OBJC_ISA_USAGE = YES_ERROR;
				CLANG_WARN_EMPTY_BODY = YES;
				CLANG_WARN_ENUM_CONVERSION = YES;
				CLANG_WARN_INFINITE_RECURSION = YES;
				CLANG_WARN_INT_CONVERSION = YES;
				CLANG_WARN_NON_LITERAL_NULL_CONVERSION = YES;
				CLANG_WARN_OBJC_IMPLICIT_RETAIN_SELF = YES;
				CLANG_WARN_OBJC_LITERAL_CONVERSION = YES;
				CLANG_WARN_OBJC_ROOT_CLASS = YES_ERROR;
				CLANG_WARN_RANGE_LOOP_ANALYSIS = YES;
				CLANG_WARN_STRICT_PROTOTYPES = YES;
				CLANG_WARN_SUSPICIOUS_MOVE = YES;
				CLANG_WARN_UNREACHABLE_CODE = YES;
				CLANG_WARN__DUPLICATE_METHOD_MATCH = YES;
				COPY_PHASE_STRIP = NO;
				CURRENT_PROJECT_VERSION = 1;
				DEBUG_INFORMATION_FORMAT = dwarf;
				ENABLE_STRICT_OBJC_MSGSEND = YES;
				ENABLE_TESTABILITY = YES;
				GCC_C_LANGUAGE_STANDARD = gnu99;
				GCC_DYNAMIC_NO_PIC = NO;
				GCC_NO_COMMON_BLOCKS = YES;
				GCC_OPTIMIZATION_LEVEL = 0;
				GCC_PREPROCESSOR_DEFINITIONS = (
					"DEBUG=1",
					"$(inherited)",
				);
				GCC_WARN_64_TO_32_BIT_CONVERSION = YES;
				GCC_WARN_ABOUT_RETURN_TYPE = YES_ERROR;
				GCC_WARN_UNDECLARED_SELECTOR = YES;
				GCC_WARN_UNINITIALIZED_AUTOS = YES_AGGRESSIVE;
				GCC_WARN_UNUSED_FUNCTION = YES;
				GCC_WARN_UNUSED_VARIABLE = YES;
				MACOSX_DEPLOYMENT_TARGET = 10.10;
				MTL_ENABLE_DEBUG_INFO = YES;
				ONLY_ACTIVE_ARCH = YES;
				SDKROOT = macosx;
				SWIFT_OPTIMIZATION_LEVEL = "-Onone";
				SWIFT_VERSION = 5.0;
				VERSIONING_SYSTEM = "apple-generic";
				VERSION_INFO_PREFIX = "";
			};
			name = Debug;
		};
		454D246D1B4BE40E0043FA12 /* Release */ = {
			isa = XCBuildConfiguration;
			buildSettings = {
				ALWAYS_SEARCH_USER_PATHS = NO;
				CLANG_ANALYZER_LOCALIZABILITY_NONLOCALIZED = YES;
				CLANG_CXX_LANGUAGE_STANDARD = "gnu++0x";
				CLANG_CXX_LIBRARY = "libc++";
				CLANG_ENABLE_MODULES = YES;
				CLANG_ENABLE_OBJC_ARC = YES;
				CLANG_WARN_BLOCK_CAPTURE_AUTORELEASING = YES;
				CLANG_WARN_BOOL_CONVERSION = YES;
				CLANG_WARN_COMMA = YES;
				CLANG_WARN_CONSTANT_CONVERSION = YES;
				CLANG_WARN_DEPRECATED_OBJC_IMPLEMENTATIONS = YES;
				CLANG_WARN_DIRECT_OBJC_ISA_USAGE = YES_ERROR;
				CLANG_WARN_EMPTY_BODY = YES;
				CLANG_WARN_ENUM_CONVERSION = YES;
				CLANG_WARN_INFINITE_RECURSION = YES;
				CLANG_WARN_INT_CONVERSION = YES;
				CLANG_WARN_NON_LITERAL_NULL_CONVERSION = YES;
				CLANG_WARN_OBJC_IMPLICIT_RETAIN_SELF = YES;
				CLANG_WARN_OBJC_LITERAL_CONVERSION = YES;
				CLANG_WARN_OBJC_ROOT_CLASS = YES_ERROR;
				CLANG_WARN_RANGE_LOOP_ANALYSIS = YES;
				CLANG_WARN_STRICT_PROTOTYPES = YES;
				CLANG_WARN_SUSPICIOUS_MOVE = YES;
				CLANG_WARN_UNREACHABLE_CODE = YES;
				CLANG_WARN__DUPLICATE_METHOD_MATCH = YES;
				COPY_PHASE_STRIP = NO;
				CURRENT_PROJECT_VERSION = 1;
				DEBUG_INFORMATION_FORMAT = "dwarf-with-dsym";
				ENABLE_NS_ASSERTIONS = NO;
				ENABLE_STRICT_OBJC_MSGSEND = YES;
				GCC_C_LANGUAGE_STANDARD = gnu99;
				GCC_NO_COMMON_BLOCKS = YES;
				GCC_WARN_64_TO_32_BIT_CONVERSION = YES;
				GCC_WARN_ABOUT_RETURN_TYPE = YES_ERROR;
				GCC_WARN_UNDECLARED_SELECTOR = YES;
				GCC_WARN_UNINITIALIZED_AUTOS = YES_AGGRESSIVE;
				GCC_WARN_UNUSED_FUNCTION = YES;
				GCC_WARN_UNUSED_VARIABLE = YES;
				MACOSX_DEPLOYMENT_TARGET = 10.10;
				MTL_ENABLE_DEBUG_INFO = NO;
				SDKROOT = macosx;
				SWIFT_OPTIMIZATION_LEVEL = "-Owholemodule";
				SWIFT_VERSION = 5.0;
				VERSIONING_SYSTEM = "apple-generic";
				VERSION_INFO_PREFIX = "";
			};
			name = Release;
		};
		454D246F1B4BE40E0043FA12 /* Debug */ = {
			isa = XCBuildConfiguration;
			buildSettings = {
				CLANG_ENABLE_MODULES = YES;
				COMBINE_HIDPI_IMAGES = YES;
				DEFINES_MODULE = YES;
				DYLIB_COMPATIBILITY_VERSION = 1;
				DYLIB_CURRENT_VERSION = 1;
				DYLIB_INSTALL_NAME_BASE = "@rpath";
				FRAMEWORK_VERSION = A;
				INFOPLIST_FILE = Source/Info.plist;
				INSTALL_PATH = "$(LOCAL_LIBRARY_DIR)/Frameworks";
				LD_RUNPATH_SEARCH_PATHS = "$(inherited) @executable_path/../Frameworks @loader_path/Frameworks";
				LLVM_LTO = YES_THIN;
				PRODUCT_BUNDLE_IDENTIFIER = io.9labs.AMCoreAudio;
				PRODUCT_NAME = "$(TARGET_NAME)";
				SKIP_INSTALL = YES;
				SWIFT_OPTIMIZATION_LEVEL = "-Onone";
			};
			name = Debug;
		};
		454D24701B4BE40E0043FA12 /* Release */ = {
			isa = XCBuildConfiguration;
			buildSettings = {
				CLANG_ENABLE_MODULES = YES;
				COMBINE_HIDPI_IMAGES = YES;
				DEFINES_MODULE = YES;
				DYLIB_COMPATIBILITY_VERSION = 1;
				DYLIB_CURRENT_VERSION = 1;
				DYLIB_INSTALL_NAME_BASE = "@rpath";
				FRAMEWORK_VERSION = A;
				INFOPLIST_FILE = Source/Info.plist;
				INSTALL_PATH = "$(LOCAL_LIBRARY_DIR)/Frameworks";
				LD_RUNPATH_SEARCH_PATHS = "$(inherited) @executable_path/../Frameworks @loader_path/Frameworks";
				LLVM_LTO = YES_THIN;
				PRODUCT_BUNDLE_IDENTIFIER = io.9labs.AMCoreAudio;
				PRODUCT_NAME = "$(TARGET_NAME)";
				SKIP_INSTALL = YES;
			};
			name = Release;
		};
/* End XCBuildConfiguration section */

/* Begin XCConfigurationList section */
		4522DC10233632140084CA02 /* Build configuration list for PBXNativeTarget "AMCoreAudioTests" */ = {
			isa = XCConfigurationList;
			buildConfigurations = (
				4522DC0E233632140084CA02 /* Debug */,
				4522DC0F233632140084CA02 /* Release */,
			);
			defaultConfigurationIsVisible = 0;
			defaultConfigurationName = Release;
		};
		454D24541B4BE40D0043FA12 /* Build configuration list for PBXProject "AMCoreAudio" */ = {
			isa = XCConfigurationList;
			buildConfigurations = (
				454D246C1B4BE40E0043FA12 /* Debug */,
				454D246D1B4BE40E0043FA12 /* Release */,
			);
			defaultConfigurationIsVisible = 0;
			defaultConfigurationName = Release;
		};
		454D246E1B4BE40E0043FA12 /* Build configuration list for PBXNativeTarget "AMCoreAudio" */ = {
			isa = XCConfigurationList;
			buildConfigurations = (
				454D246F1B4BE40E0043FA12 /* Debug */,
				454D24701B4BE40E0043FA12 /* Release */,
			);
			defaultConfigurationIsVisible = 0;
			defaultConfigurationName = Release;
		};
/* End XCConfigurationList section */
	};
	rootObject = 454D24511B4BE40D0043FA12 /* Project object */;
}
