// !$*UTF8*$!
{
	archiveVersion = 1;
	classes = {
	};
	objectVersion = 46;
	objects = {

/* Begin PBXBuildFile section */
		45BF6B121B4ACF7000CE2E5D /* AMCoreAudio.framework in Frameworks */ = {isa = PBXBuildFile; fileRef = 45BF6B0D1B4ACF3D00CE2E5D /* AMCoreAudio.framework */; };
		45BF6B131B4ACF7000CE2E5D /* AMCoreAudio.framework in Embed Frameworks */ = {isa = PBXBuildFile; fileRef = 45BF6B0D1B4ACF3D00CE2E5D /* AMCoreAudio.framework */; settings = {ATTRIBUTES = (CodeSignOnCopy, RemoveHeadersOnCopy, ); }; };
		45E7D29318E0442700A722DB /* Cocoa.framework in Frameworks */ = {isa = PBXBuildFile; fileRef = 45E7D29218E0442700A722DB /* Cocoa.framework */; };
		45E7D29D18E0442700A722DB /* InfoPlist.strings in Resources */ = {isa = PBXBuildFile; fileRef = 45E7D29B18E0442700A722DB /* InfoPlist.strings */; };
		45E7D29F18E0442700A722DB /* main.m in Sources */ = {isa = PBXBuildFile; fileRef = 45E7D29E18E0442700A722DB /* main.m */; };
		45E7D2A318E0442700A722DB /* Credits.rtf in Resources */ = {isa = PBXBuildFile; fileRef = 45E7D2A118E0442700A722DB /* Credits.rtf */; };
		45E7D2A618E0442700A722DB /* TLDAppDelegate.m in Sources */ = {isa = PBXBuildFile; fileRef = 45E7D2A518E0442700A722DB /* TLDAppDelegate.m */; };
		45E7D2A918E0442700A722DB /* MainMenu.xib in Resources */ = {isa = PBXBuildFile; fileRef = 45E7D2A718E0442700A722DB /* MainMenu.xib */; };
		45E7D2AB18E0442700A722DB /* Images.xcassets in Resources */ = {isa = PBXBuildFile; fileRef = 45E7D2AA18E0442700A722DB /* Images.xcassets */; };
/* End PBXBuildFile section */

/* Begin PBXCopyFilesBuildPhase section */
		45BF6B141B4ACF7000CE2E5D /* Embed Frameworks */ = {
			isa = PBXCopyFilesBuildPhase;
			buildActionMask = 2147483647;
			dstPath = "";
			dstSubfolderSpec = 10;
			files = (
				45BF6B131B4ACF7000CE2E5D /* AMCoreAudio.framework in Embed Frameworks */,
			);
			name = "Embed Frameworks";
			runOnlyForDeploymentPostprocessing = 0;
		};
/* End PBXCopyFilesBuildPhase section */

/* Begin PBXFileReference section */
		45BF6B0D1B4ACF3D00CE2E5D /* AMCoreAudio.framework */ = {isa = PBXFileReference; explicitFileType = wrapper.framework; name = AMCoreAudio.framework; path = "/Users/ruben/Library/Developer/Xcode/DerivedData/AMCoreAudio-cbumjbxojhxhscctomyfgnwvsebs/Build/Products/Debug/AMCoreAudio.framework"; sourceTree = "<absolute>"; };
		45E7D28F18E0442700A722DB /* AMCoreAudio-Example.app */ = {isa = PBXFileReference; explicitFileType = wrapper.application; includeInIndex = 0; path = "AMCoreAudio-Example.app"; sourceTree = BUILT_PRODUCTS_DIR; };
		45E7D29218E0442700A722DB /* Cocoa.framework */ = {isa = PBXFileReference; lastKnownFileType = wrapper.framework; name = Cocoa.framework; path = System/Library/Frameworks/Cocoa.framework; sourceTree = SDKROOT; };
		45E7D29518E0442700A722DB /* AppKit.framework */ = {isa = PBXFileReference; lastKnownFileType = wrapper.framework; name = AppKit.framework; path = System/Library/Frameworks/AppKit.framework; sourceTree = SDKROOT; };
		45E7D29618E0442700A722DB /* CoreData.framework */ = {isa = PBXFileReference; lastKnownFileType = wrapper.framework; name = CoreData.framework; path = System/Library/Frameworks/CoreData.framework; sourceTree = SDKROOT; };
		45E7D29718E0442700A722DB /* Foundation.framework */ = {isa = PBXFileReference; lastKnownFileType = wrapper.framework; name = Foundation.framework; path = System/Library/Frameworks/Foundation.framework; sourceTree = SDKROOT; };
		45E7D29A18E0442700A722DB /* AMCoreAudio-Example-Info.plist */ = {isa = PBXFileReference; lastKnownFileType = text.plist.xml; path = "AMCoreAudio-Example-Info.plist"; sourceTree = "<group>"; };
		45E7D29C18E0442700A722DB /* en */ = {isa = PBXFileReference; lastKnownFileType = text.plist.strings; name = en; path = en.lproj/InfoPlist.strings; sourceTree = "<group>"; };
		45E7D29E18E0442700A722DB /* main.m */ = {isa = PBXFileReference; lastKnownFileType = sourcecode.c.objc; path = main.m; sourceTree = "<group>"; };
		45E7D2A018E0442700A722DB /* AMCoreAudio-Example-Prefix.pch */ = {isa = PBXFileReference; lastKnownFileType = sourcecode.c.h; path = "AMCoreAudio-Example-Prefix.pch"; sourceTree = "<group>"; };
		45E7D2A218E0442700A722DB /* en */ = {isa = PBXFileReference; lastKnownFileType = text.rtf; name = en; path = en.lproj/Credits.rtf; sourceTree = "<group>"; };
		45E7D2A418E0442700A722DB /* TLDAppDelegate.h */ = {isa = PBXFileReference; lastKnownFileType = sourcecode.c.h; path = TLDAppDelegate.h; sourceTree = "<group>"; };
		45E7D2A518E0442700A722DB /* TLDAppDelegate.m */ = {isa = PBXFileReference; lastKnownFileType = sourcecode.c.objc; path = TLDAppDelegate.m; sourceTree = "<group>"; };
		45E7D2A818E0442700A722DB /* Base */ = {isa = PBXFileReference; lastKnownFileType = file.xib; name = Base; path = Base.lproj/MainMenu.xib; sourceTree = "<group>"; };
		45E7D2AA18E0442700A722DB /* Images.xcassets */ = {isa = PBXFileReference; lastKnownFileType = folder.assetcatalog; path = Images.xcassets; sourceTree = "<group>"; };
/* End PBXFileReference section */

/* Begin PBXFrameworksBuildPhase section */
		45E7D28C18E0442700A722DB /* Frameworks */ = {
			isa = PBXFrameworksBuildPhase;
			buildActionMask = 2147483647;
			files = (
				45BF6B121B4ACF7000CE2E5D /* AMCoreAudio.framework in Frameworks */,
				45E7D29318E0442700A722DB /* Cocoa.framework in Frameworks */,
			);
			runOnlyForDeploymentPostprocessing = 0;
		};
/* End PBXFrameworksBuildPhase section */

/* Begin PBXGroup section */
		45E7D28618E0442700A722DB = {
			isa = PBXGroup;
			children = (
				45E7D29818E0442700A722DB /* AMCoreAudio-Example */,
				45E7D29118E0442700A722DB /* Frameworks */,
				45E7D29018E0442700A722DB /* Products */,
			);
			sourceTree = "<group>";
		};
		45E7D29018E0442700A722DB /* Products */ = {
			isa = PBXGroup;
			children = (
				45E7D28F18E0442700A722DB /* AMCoreAudio-Example.app */,
			);
			name = Products;
			sourceTree = "<group>";
		};
		45E7D29118E0442700A722DB /* Frameworks */ = {
			isa = PBXGroup;
			children = (
				45BF6B0D1B4ACF3D00CE2E5D /* AMCoreAudio.framework */,
				45E7D29218E0442700A722DB /* Cocoa.framework */,
				45E7D29418E0442700A722DB /* Other Frameworks */,
			);
			name = Frameworks;
			sourceTree = "<group>";
		};
		45E7D29418E0442700A722DB /* Other Frameworks */ = {
			isa = PBXGroup;
			children = (
				45E7D29518E0442700A722DB /* AppKit.framework */,
				45E7D29618E0442700A722DB /* CoreData.framework */,
				45E7D29718E0442700A722DB /* Foundation.framework */,
			);
			name = "Other Frameworks";
			sourceTree = "<group>";
		};
		45E7D29818E0442700A722DB /* AMCoreAudio-Example */ = {
			isa = PBXGroup;
			children = (
				45E7D2A418E0442700A722DB /* TLDAppDelegate.h */,
				45E7D2A518E0442700A722DB /* TLDAppDelegate.m */,
				45E7D2A718E0442700A722DB /* MainMenu.xib */,
				45E7D2AA18E0442700A722DB /* Images.xcassets */,
				45E7D29918E0442700A722DB /* Supporting Files */,
			);
			path = "AMCoreAudio-Example";
			sourceTree = "<group>";
		};
		45E7D29918E0442700A722DB /* Supporting Files */ = {
			isa = PBXGroup;
			children = (
				45E7D29A18E0442700A722DB /* AMCoreAudio-Example-Info.plist */,
				45E7D29B18E0442700A722DB /* InfoPlist.strings */,
				45E7D29E18E0442700A722DB /* main.m */,
				45E7D2A018E0442700A722DB /* AMCoreAudio-Example-Prefix.pch */,
				45E7D2A118E0442700A722DB /* Credits.rtf */,
			);
			name = "Supporting Files";
			sourceTree = "<group>";
		};
/* End PBXGroup section */

/* Begin PBXNativeTarget section */
		45E7D28E18E0442700A722DB /* AMCoreAudio-Example */ = {
			isa = PBXNativeTarget;
			buildConfigurationList = 45E7D2C018E0442700A722DB /* Build configuration list for PBXNativeTarget "AMCoreAudio-Example" */;
			buildPhases = (
				45E7D28B18E0442700A722DB /* Sources */,
				45E7D28C18E0442700A722DB /* Frameworks */,
				45E7D28D18E0442700A722DB /* Resources */,
				45BF6B141B4ACF7000CE2E5D /* Embed Frameworks */,
			);
			buildRules = (
			);
			dependencies = (
			);
			name = "AMCoreAudio-Example";
			productName = "AMCoreAudio-Example";
			productReference = 45E7D28F18E0442700A722DB /* AMCoreAudio-Example.app */;
			productType = "com.apple.product-type.application";
		};
/* End PBXNativeTarget section */

/* Begin PBXProject section */
		45E7D28718E0442700A722DB /* Project object */ = {
			isa = PBXProject;
			attributes = {
				CLASSPREFIX = TLD;
				LastUpgradeCheck = 0510;
				ORGANIZATIONNAME = "Ruben Nine";
			};
			buildConfigurationList = 45E7D28A18E0442700A722DB /* Build configuration list for PBXProject "AMCoreAudio-Example" */;
			compatibilityVersion = "Xcode 3.2";
			developmentRegion = English;
			hasScannedForEncodings = 0;
			knownRegions = (
				en,
				Base,
			);
			mainGroup = 45E7D28618E0442700A722DB;
			productRefGroup = 45E7D29018E0442700A722DB /* Products */;
			projectDirPath = "";
			projectRoot = "";
			targets = (
				45E7D28E18E0442700A722DB /* AMCoreAudio-Example */,
			);
		};
/* End PBXProject section */

/* Begin PBXResourcesBuildPhase section */
		45E7D28D18E0442700A722DB /* Resources */ = {
			isa = PBXResourcesBuildPhase;
			buildActionMask = 2147483647;
			files = (
				45E7D29D18E0442700A722DB /* InfoPlist.strings in Resources */,
				45E7D2AB18E0442700A722DB /* Images.xcassets in Resources */,
				45E7D2A318E0442700A722DB /* Credits.rtf in Resources */,
				45E7D2A918E0442700A722DB /* MainMenu.xib in Resources */,
			);
			runOnlyForDeploymentPostprocessing = 0;
		};
/* End PBXResourcesBuildPhase section */

/* Begin PBXSourcesBuildPhase section */
		45E7D28B18E0442700A722DB /* Sources */ = {
			isa = PBXSourcesBuildPhase;
			buildActionMask = 2147483647;
			files = (
				45E7D29F18E0442700A722DB /* main.m in Sources */,
				45E7D2A618E0442700A722DB /* TLDAppDelegate.m in Sources */,
			);
			runOnlyForDeploymentPostprocessing = 0;
		};
/* End PBXSourcesBuildPhase section */

/* Begin PBXVariantGroup section */
		45E7D29B18E0442700A722DB /* InfoPlist.strings */ = {
			isa = PBXVariantGroup;
			children = (
				45E7D29C18E0442700A722DB /* en */,
			);
			name = InfoPlist.strings;
			sourceTree = "<group>";
		};
		45E7D2A118E0442700A722DB /* Credits.rtf */ = {
			isa = PBXVariantGroup;
			children = (
				45E7D2A218E0442700A722DB /* en */,
			);
			name = Credits.rtf;
			sourceTree = "<group>";
		};
		45E7D2A718E0442700A722DB /* MainMenu.xib */ = {
			isa = PBXVariantGroup;
			children = (
				45E7D2A818E0442700A722DB /* Base */,
			);
			name = MainMenu.xib;
			sourceTree = "<group>";
		};
/* End PBXVariantGroup section */

/* Begin XCBuildConfiguration section */
		45E7D2BE18E0442700A722DB /* Debug */ = {
			isa = XCBuildConfiguration;
			buildSettings = {
				ALWAYS_SEARCH_USER_PATHS = NO;
				CLANG_CXX_LANGUAGE_STANDARD = "gnu++0x";
				CLANG_CXX_LIBRARY = "libc++";
				CLANG_ENABLE_MODULES = YES;
				CLANG_ENABLE_OBJC_ARC = YES;
				CLANG_WARN_BOOL_CONVERSION = YES;
				CLANG_WARN_CONSTANT_CONVERSION = YES;
				CLANG_WARN_DIRECT_OBJC_ISA_USAGE = YES_ERROR;
				CLANG_WARN_EMPTY_BODY = YES;
				CLANG_WARN_ENUM_CONVERSION = YES;
				CLANG_WARN_INT_CONVERSION = YES;
				CLANG_WARN_OBJC_ROOT_CLASS = YES_ERROR;
				CLANG_WARN__DUPLICATE_METHOD_MATCH = YES;
				COPY_PHASE_STRIP = NO;
				GCC_C_LANGUAGE_STANDARD = gnu99;
				GCC_DYNAMIC_NO_PIC = NO;
				GCC_ENABLE_OBJC_EXCEPTIONS = YES;
				GCC_OPTIMIZATION_LEVEL = 0;
				GCC_PREPROCESSOR_DEFINITIONS = (
					"DEBUG=1",
					"$(inherited)",
				);
				GCC_SYMBOLS_PRIVATE_EXTERN = NO;
				GCC_WARN_64_TO_32_BIT_CONVERSION = YES;
				GCC_WARN_ABOUT_RETURN_TYPE = YES_ERROR;
				GCC_WARN_UNDECLARED_SELECTOR = YES;
				GCC_WARN_UNINITIALIZED_AUTOS = YES_AGGRESSIVE;
				GCC_WARN_UNUSED_FUNCTION = YES;
				GCC_WARN_UNUSED_VARIABLE = YES;
				MACOSX_DEPLOYMENT_TARGET = 10.9;
				ONLY_ACTIVE_ARCH = YES;
				SDKROOT = macosx;
			};
			name = Debug;
		};
		45E7D2BF18E0442700A722DB /* Release */ = {
			isa = XCBuildConfiguration;
			buildSettings = {
				ALWAYS_SEARCH_USER_PATHS = NO;
				CLANG_CXX_LANGUAGE_STANDARD = "gnu++0x";
				CLANG_CXX_LIBRARY = "libc++";
				CLANG_ENABLE_MODULES = YES;
				CLANG_ENABLE_OBJC_ARC = YES;
				CLANG_WARN_BOOL_CONVERSION = YES;
				CLANG_WARN_CONSTANT_CONVERSION = YES;
				CLANG_WARN_DIRECT_OBJC_ISA_USAGE = YES_ERROR;
				CLANG_WARN_EMPTY_BODY = YES;
				CLANG_WARN_ENUM_CONVERSION = YES;
				CLANG_WARN_INT_CONVERSION = YES;
				CLANG_WARN_OBJC_ROOT_CLASS = YES_ERROR;
				CLANG_WARN__DUPLICATE_METHOD_MATCH = YES;
				COPY_PHASE_STRIP = YES;
				DEBUG_INFORMATION_FORMAT = "dwarf-with-dsym";
				ENABLE_NS_ASSERTIONS = NO;
				GCC_C_LANGUAGE_STANDARD = gnu99;
				GCC_ENABLE_OBJC_EXCEPTIONS = YES;
				GCC_WARN_64_TO_32_BIT_CONVERSION = YES;
				GCC_WARN_ABOUT_RETURN_TYPE = YES_ERROR;
				GCC_WARN_UNDECLARED_SELECTOR = YES;
				GCC_WARN_UNINITIALIZED_AUTOS = YES_AGGRESSIVE;
				GCC_WARN_UNUSED_FUNCTION = YES;
				GCC_WARN_UNUSED_VARIABLE = YES;
				MACOSX_DEPLOYMENT_TARGET = 10.9;
				SDKROOT = macosx;
			};
			name = Release;
		};
		45E7D2C118E0442700A722DB /* Debug */ = {
			isa = XCBuildConfiguration;
			buildSettings = {
				ASSETCATALOG_COMPILER_APPICON_NAME = AppIcon;
				COMBINE_HIDPI_IMAGES = YES;
				FRAMEWORK_SEARCH_PATHS = (
					"$(inherited)",
					"$(USER_LIBRARY_DIR)/Developer/Xcode/DerivedData/AMCoreAudio-cbumjbxojhxhscctomyfgnwvsebs/Build/Products/Debug",
				);
				GCC_PRECOMPILE_PREFIX_HEADER = YES;
				GCC_PREFIX_HEADER = "AMCoreAudio-Example/AMCoreAudio-Example-Prefix.pch";
				INFOPLIST_FILE = "AMCoreAudio-Example/AMCoreAudio-Example-Info.plist";
				LD_RUNPATH_SEARCH_PATHS = "$(inherited) @executable_path/../Frameworks";
				PRODUCT_NAME = "$(TARGET_NAME)";
				WRAPPER_EXTENSION = app;
			};
			name = Debug;
		};
		45E7D2C218E0442700A722DB /* Release */ = {
			isa = XCBuildConfiguration;
			buildSettings = {
				ASSETCATALOG_COMPILER_APPICON_NAME = AppIcon;
				COMBINE_HIDPI_IMAGES = YES;
				FRAMEWORK_SEARCH_PATHS = (
					"$(inherited)",
					"$(USER_LIBRARY_DIR)/Developer/Xcode/DerivedData/AMCoreAudio-cbumjbxojhxhscctomyfgnwvsebs/Build/Products/Debug",
				);
				GCC_PRECOMPILE_PREFIX_HEADER = YES;
				GCC_PREFIX_HEADER = "AMCoreAudio-Example/AMCoreAudio-Example-Prefix.pch";
				INFOPLIST_FILE = "AMCoreAudio-Example/AMCoreAudio-Example-Info.plist";
				LD_RUNPATH_SEARCH_PATHS = "$(inherited) @executable_path/../Frameworks";
				LLVM_LTO = YES;
				PRODUCT_NAME = "$(TARGET_NAME)";
				WRAPPER_EXTENSION = app;
			};
			name = Release;
		};
/* End XCBuildConfiguration section */

/* Begin XCConfigurationList section */
		45E7D28A18E0442700A722DB /* Build configuration list for PBXProject "AMCoreAudio-Example" */ = {
			isa = XCConfigurationList;
			buildConfigurations = (
				45E7D2BE18E0442700A722DB /* Debug */,
				45E7D2BF18E0442700A722DB /* Release */,
			);
			defaultConfigurationIsVisible = 0;
			defaultConfigurationName = Release;
		};
		45E7D2C018E0442700A722DB /* Build configuration list for PBXNativeTarget "AMCoreAudio-Example" */ = {
			isa = XCConfigurationList;
			buildConfigurations = (
				45E7D2C118E0442700A722DB /* Debug */,
				45E7D2C218E0442700A722DB /* Release */,
			);
			defaultConfigurationIsVisible = 0;
			defaultConfigurationName = Release;
		};
/* End XCConfigurationList section */
	};
	rootObject = 45E7D28718E0442700A722DB /* Project object */;
}
